
Microsoft Visual Studio Solution File, Format Version 12.00
# Visual Studio Version 16
VisualStudioVersion = 16.0.31005.135
MinimumVisualStudioVersion = 10.0.40219.1
Project("{FAE04EC0-301F-11D3-BF4B-00C04F79EFBC}") = "WinCapture", "WinCapture\WinCapture.csproj", "{1B6AF58C-DD85-41DF-8E84-953CD528C492}"
EndProject
Project("{FAE04EC0-301F-11D3-BF4B-00C04F79EFBC}") = "TcpServer", "TcpServer\TcpServer.csproj", "{D6B71153-2EAD-4D04-B4FF-2F20A2993FA5}"
EndProject
Project("{FAE04EC0-301F-11D3-BF4B-00C04F79EFBC}") = "TcpClient", "TcpClient\TcpClient.csproj", "{9F5029A6-CFF1-44AC-B72B-6423C69CE860}"
EndProject
Global
	GlobalSection(SolutionConfigurationPlatforms) = preSolution
		Debug|Any CPU = Debug|Any CPU
		Release|Any CPU = Release|Any CPU
	EndGlobalSection
	GlobalSection(ProjectConfigurationPlatforms) = postSolution
		{1B6AF58C-DD85-41DF-8E84-953CD528C492}.Debug|Any CPU.ActiveCfg = Debug|Any CPU
		{1B6AF58C-DD85-41DF-8E84-953CD528C492}.Debug|Any CPU.Build.0 = Debug|Any CPU
		{1B6AF58C-DD85-41DF-8E84-953CD528C492}.Release|Any CPU.ActiveCfg = Release|Any CPU
		{1B6AF58C-DD85-41DF-8E84-953CD528C492}.Release|Any CPU.Build.0 = Release|Any CPU
		{D6B71153-2EAD-4D04-B4FF-2F20A2993FA5}.Debug|Any CPU.ActiveCfg = Debug|Any CPU
		{D6B71153-2EAD-4D04-B4FF-2F20A2993FA5}.Debug|Any CPU.Build.0 = Debug|Any CPU
		{D6B71153-2EAD-4D04-B4FF-2F20A2993FA5}.Release|Any CPU.ActiveCfg = Release|Any CPU
		{D6B71153-2EAD-4D04-B4FF-2F20A2993FA5}.Release|Any CPU.Build.0 = Release|Any CPU
		{9F5029A6-CFF1-44AC-B72B-6423C69CE860}.Debug|Any CPU.ActiveCfg = Debug|Any CPU
		{9F5029A6-CFF1-44AC-B72B-6423C69CE860}.Debug|Any CPU.Build.0 = Debug|Any CPU
		{9F5029A6-CFF1-44AC-B72B-6423C69CE860}.Release|Any CPU.ActiveCfg = Release|Any CPU
		{9F5029A6-CFF1-44AC-B72B-6423C69CE860}.Release|Any CPU.Build.0 = Release|Any CPU
	EndGlobalSection
	GlobalSection(SolutionProperties) = preSolution
		HideSolutionNode = FALSE
	EndGlobalSection
	GlobalSection(ExtensibilityGlobals) = postSolution
		SolutionGuid = {41230F4E-57A3-4073-9C01-074EF75659D0}
	EndGlobalSection
EndGlobal
